lockfileVersion: '9.0'

settings:
  autoInstallPeers: true
  excludeLinksFromLockfile: false

importers:

  .:
    devDependencies:
      '@types/node':
        specifier: 22.15.18
        version: 22.15.18
      hono:
        specifier: 4.7.9
        version: 4.7.9
      satori:
        specifier: 0.13.1
        version: 0.13.1
      string-ts:
        specifier: 2.2.1
        version: 2.2.1
      tsdown:
        specifier: 0.11.9
        version: 0.11.9(typescript@5.8.3)
      typescript:
        specifier: 5.8.3
        version: 5.8.3
      valibot:
        specifier: 1.1.0
        version: 1.1.0(typescript@5.8.3)

packages:

  '@babel/generator@7.27.1':
    resolution: {integrity: sha512-UnJfnIpc/+JO0/+KRVQNGU+y5taA5vCbwN8+azkX6beii/ZF+enZJSOKo11ZSzGJjlNfJHfQtmQT8H+9TXPG2w==}
    engines: {node: '>=6.9.0'}

  '@babel/helper-string-parser@7.27.1':
    resolution: {integrity: sha512-qMlSxKbpRlAridDExk92nSobyDdpPijUq2DW6oDnUqd0iOGxmQjyqhMIihI9+zv4LPyZdRje2cavWPbCbWm3eA==}
    engines: {node: '>=6.9.0'}

  '@babel/helper-validator-identifier@7.27.1':
    resolution: {integrity: sha512-D2hP9eA+Sqx1kBZgzxZh0y1trbuU+JoDkiEwqhQ36nodYqJwyEIhPSdMNd7lOm/4io72luTPWH20Yda0xOuUow==}
    engines: {node: '>=6.9.0'}

  '@babel/parser@7.27.2':
    resolution: {integrity: sha512-QYLs8299NA7WM/bZAdp+CviYYkVoYXlDW2rzliy3chxd1PQjej7JORuMJDJXJUb9g0TT+B99EwaVLKmX+sPXWw==}
    engines: {node: '>=6.0.0'}
    hasBin: true

  '@babel/types@7.27.1':
    resolution: {integrity: sha512-+EzkxvLNfiUeKMgy/3luqfsCWFRXLb7U6wNQTk60tovuckwB15B191tJWvpp4HjiQWdJkCxO3Wbvc6jlk3Xb2Q==}
    engines: {node: '>=6.9.0'}

  '@emnapi/core@1.4.3':
    resolution: {integrity: sha512-4m62DuCE07lw01soJwPiBGC0nAww0Q+RY70VZ+n49yDIO13yyinhbWCeNnaob0lakDtWQzSdtNWzJeOJt2ma+g==}

  '@emnapi/runtime@1.4.3':
    resolution: {integrity: sha512-pBPWdu6MLKROBX05wSNKcNb++m5Er+KQ9QkB+WVM+pW2Kx9hoSrVTnu3BdkI5eBLZoKu/J6mW/B6i6bJB2ytXQ==}

  '@emnapi/wasi-threads@1.0.2':
    resolution: {integrity: sha512-5n3nTJblwRi8LlXkJ9eBzu+kZR8Yxcc7ubakyQTFzPMtIhFpUBRbsnc2Dv88IZDIbCDlBiWrknhB4Lsz7mg6BA==}

  '@jridgewell/gen-mapping@0.3.8':
    resolution: {integrity: sha512-imAbBGkb+ebQyxKgzv5Hu2nmROxoDOXHh80evxdoXNOrvAnVx7zimzc1Oo5h9RlfV4vPXaE2iM5pOFbvOCClWA==}
    engines: {node: '>=6.0.0'}

  '@jridgewell/resolve-uri@3.1.2':
    resolution: {integrity: sha512-bRISgCIjP20/tbWSPWMEi54QVPRZExkuD9lJL+UIxUKtwVJA8wW1Trb1jMs1RFXo1CBTNZ/5hpC9QvmKWdopKw==}
    engines: {node: '>=6.0.0'}

  '@jridgewell/set-array@1.2.1':
    resolution: {integrity: sha512-R8gLRTZeyp03ymzP/6Lil/28tGeGEzhx1q2k703KGWRAI1VdvPIXdG70VJc2pAMw3NA6JKL5hhFu1sJX0Mnn/A==}
    engines: {node: '>=6.0.0'}

  '@jridgewell/sourcemap-codec@1.5.0':
    resolution: {integrity: sha512-gv3ZRaISU3fjPAgNsriBRqGWQL6quFx04YMPW/zD8XMLsU32mhCCbfbO6KZFLjvYpCZ8zyDEgqsgf+PwPaM7GQ==}

  '@jridgewell/trace-mapping@0.3.25':
    resolution: {integrity: sha512-vNk6aEwybGtawWmy/PzwnGDOjCkLWSD2wqvjGGAgOAwCGWySYXfYoxt00IJkTF+8Lb57DwOb3Aa0o9CApepiYQ==}

  '@napi-rs/wasm-runtime@0.2.10':
    resolution: {integrity: sha512-bCsCyeZEwVErsGmyPNSzwfwFn4OdxBj0mmv6hOFucB/k81Ojdu68RbZdxYsRQUPc9l6SU5F/cG+bXgWs3oUgsQ==}

  '@oxc-project/types@0.69.0':
    resolution: {integrity: sha512-bu3gzdAlLgncoaqyqWVpMAKx4axo+j3ewvvdAt5iCLtvHB/n3Qeif67NU+2TM/ami1nV5/KVO9lxCH8paPATBA==}

  '@quansync/fs@0.1.3':
    resolution: {integrity: sha512-G0OnZbMWEs5LhDyqy2UL17vGhSVHkQIfVojMtEWVenvj0V5S84VBgy86kJIuNsGDp2p7sTKlpSIpBUWdC35OKg==}
    engines: {node: '>=20.0.0'}

  '@rolldown/binding-darwin-arm64@1.0.0-beta.8-commit.d95f99e':
    resolution: {integrity: sha512-Qnj12Et8isg99mLZoWYKCdepAUVVeBNdpBKAG/L+jEz6sQ2L2FhHB4owmF3wXyzHVzLUmhT1Io1q49vBEldbjQ==}
    cpu: [arm64]
    os: [darwin]

  '@rolldown/binding-darwin-x64@1.0.0-beta.8-commit.d95f99e':
    resolution: {integrity: sha512-xgkCsHfe353jWscfOay8eyHdj/jg9Qp7fEsB9k1+YGnfinBtRbyAVhJ6LmZOVNfchN316bB59l4HFIL01S/kMQ==}
    cpu: [x64]
    os: [darwin]

  '@rolldown/binding-freebsd-x64@1.0.0-beta.8-commit.d95f99e':
    resolution: {integrity: sha512-H6ZAQq4B0D03sGxVn5KDCHnopXV+QHoYk2yemRqSx4tjXDnynt8fRXxdjDbBcsmlxSp/l4t/zKeSzVjXRIT3RA==}
    cpu: [x64]
    os: [freebsd]

  '@rolldown/binding-linux-arm-gnueabihf@1.0.0-beta.8-commit.d95f99e':
    resolution: {integrity: sha512-GwxeaGEC/qfgnd63SsklcQft04ygrnJDzdIbH5FvMPZ2L7eQ6FqhYYfF2aoQqnjgim5UO5BrFm97EmSjDWhBsA==}
    cpu: [arm]
    os: [linux]

  '@rolldown/binding-linux-arm64-gnu@1.0.0-beta.8-commit.d95f99e':
    resolution: {integrity: sha512-ItBOhvZtYHIGJ1AtX7xf7v0RvZbXgdsv5gHk8vDykGMAbl+t4Wa9OJIIa6C8V2nBFJXWH+14GudrEfQfQUFbtQ==}
    cpu: [arm64]
    os: [linux]

  '@rolldown/binding-linux-arm64-musl@1.0.0-beta.8-commit.d95f99e':
    resolution: {integrity: sha512-UiHjNo1ffN9Nt53mmawmnuVn2l9vdYGd91XxFrOTrEKRxO5bJL6wBhd82t+uBeHWycR/6qlSCJkTsHJQPf2UbA==}
    cpu: [arm64]
    os: [linux]

  '@rolldown/binding-linux-x64-gnu@1.0.0-beta.8-commit.d95f99e':
    resolution: {integrity: sha512-p3sIHw1vmqqK70474mEvyl0aj1PvvUEWiKxG+zvpNRTzWxcTxrsRCtlqxTJ1A8R0z76tdn00PsMQrFOSMnLotQ==}
    cpu: [x64]
    os: [linux]

  '@rolldown/binding-linux-x64-musl@1.0.0-beta.8-commit.d95f99e':
    resolution: {integrity: sha512-STOhk06GmHu/mvrZnp32JkQAN07g1ZjuaChf8r0/7NnnOIg6xiTcBxhMxL5hTR7os075ziRRUoHlfEssIJxSBw==}
    cpu: [x64]
    os: [linux]

  '@rolldown/binding-wasm32-wasi@1.0.0-beta.8-commit.d95f99e':
    resolution: {integrity: sha512-18l5SdnDs49KuWsJ1ZjxQ72f4OBv++wQDkYeTkIDFON+lWIY6pCc4Zb7ehD8aflq6gisokt0GsZWO8Dyi7iqrA==}
    engines: {node: '>=14.21.3'}
    cpu: [wasm32]

  '@rolldown/binding-win32-arm64-msvc@1.0.0-beta.8-commit.d95f99e':
    resolution: {integrity: sha512-LqyxWnfBr0IkLVrFwBxARbEUYcpzXgDaBCqBn1rrKiLt6KUxoTA95WWkHQhYFjqmQHJOoBAFHXykoRpqdJPH9w==}
    cpu: [arm64]
    os: [win32]

  '@rolldown/binding-win32-ia32-msvc@1.0.0-beta.8-commit.d95f99e':
    resolution: {integrity: sha512-v4DdzJg8hmZL2koD/CphCUK79oCfdVnGLkCXmNhlmNId9f/6e0xKYgMnxcKL6B/ToM+Jl0iiVfGpKPE3ss+a1g==}
    cpu: [ia32]
    os: [win32]

  '@rolldown/binding-win32-x64-msvc@1.0.0-beta.8-commit.d95f99e':
    resolution: {integrity: sha512-4WHgT6kseymPm32LrUISpKnX/rX1YAPsfys7uWUm4sdEHJA16kX7ZLCDrAkgNMfbYD3ZuMzEnV6pbD2bDHQn0A==}
    cpu: [x64]
    os: [win32]

  '@rolldown/pluginutils@1.0.0-beta.8-commit.d95f99e':
    resolution: {integrity: sha512-m0VRAx0VjzbiV55GPB3kRbxonm9pkiTzn5HVu/xWfCqGfnFY2G9bjJCnwwZ+pNE0Lg/dppOYHfnPIZcOLgF4tg==}

  '@shuding/opentype.js@1.4.0-beta.0':
    resolution: {integrity: sha512-3NgmNyH3l/Hv6EvsWJbsvpcpUba6R8IREQ83nH83cyakCw7uM1arZKNfHwv1Wz6jgqrF/j4x5ELvR6PnK9nTcA==}
    engines: {node: '>= 8.0.0'}
    hasBin: true

  '@tybys/wasm-util@0.9.0':
    resolution: {integrity: sha512-6+7nlbMVX/PVDCwaIQ8nTOPveOcFLSt8GcXdx8hD0bt39uWxYT88uXzqTd4fTvqta7oeUJqudepapKNt2DYJFw==}

  '@types/node@22.15.18':
    resolution: {integrity: sha512-v1DKRfUdyW+jJhZNEI1PYy29S2YRxMV5AOO/x/SjKmW0acCIOqmbj6Haf9eHAhsPmrhlHSxEhv/1WszcLWV4cg==}

  ansis@4.0.0:
    resolution: {integrity: sha512-P8nrHI1EyW9OfBt1X7hMSwGN2vwRuqHSKJAT1gbLWZRzDa24oHjYwGHvEgHeBepupzk878yS/HBZ0NMPYtbolw==}
    engines: {node: '>=14'}

  ast-kit@2.0.0:
    resolution: {integrity: sha512-P63jzlYNz96MF9mCcprU+a7I5/ZQ5QAn3y+mZcPWEcGV3CHF/GWnkFPj3oCrWLUjL47+PD9PNiCUdXxw0cWdsg==}
    engines: {node: '>=20.18.0'}

  base64-js@0.0.8:
    resolution: {integrity: sha512-3XSA2cR/h/73EzlXXdU6YNycmYI7+kicTxks4eJg2g39biHR84slg2+des+p7iHYhbRg/udIS4TD53WabcOUkw==}
    engines: {node: '>= 0.4'}

  cac@6.7.14:
    resolution: {integrity: sha512-b6Ilus+c3RrdDk+JhLKUAQfzzgLEPy6wcXqS7f/xe1EETvsDP6GORG7SFuOs6cID5YkqchW/LXZbX5bc8j7ZcQ==}
    engines: {node: '>=8'}

  camelize@1.0.1:
    resolution: {integrity: sha512-dU+Tx2fsypxTgtLoE36npi3UqcjSSMNYfkqgmoEhtZrraP5VWq0K7FkWVTYa8eMPtnU/G2txVsfdCJTn9uzpuQ==}

  chokidar@4.0.3:
    resolution: {integrity: sha512-Qgzu8kfBvo+cA4962jnP1KkS6Dop5NS6g7R5LFYJr4b8Ub94PPQXUksCw9PvXoeXPRRddRNC5C1JQUR2SMGtnA==}
    engines: {node: '>= 14.16.0'}

  color-name@1.1.4:
    resolution: {integrity: sha512-dOy+3AuW3a2wNbZHIuMZpTcgjGuLU/uBL/ubcZF9OXbDo8ff4O8yVp5Bf0efS8uEoYo5q4Fx7dY9OgQGXgAsQA==}

  css-background-parser@0.1.0:
    resolution: {integrity: sha512-2EZLisiZQ+7m4wwur/qiYJRniHX4K5Tc9w93MT3AS0WS1u5kaZ4FKXlOTBhOjc+CgEgPiGY+fX1yWD8UwpEqUA==}

  css-box-shadow@1.0.0-3:
    resolution: {integrity: sha512-9jaqR6e7Ohds+aWwmhe6wILJ99xYQbfmK9QQB9CcMjDbTxPZjwEmUQpU91OG05Xgm8BahT5fW+svbsQGjS/zPg==}

  css-color-keywords@1.0.0:
    resolution: {integrity: sha512-FyyrDHZKEjXDpNJYvVsV960FiqQyXc/LlYmsxl2BcdMb2WPx0OGRVgTg55rPSyLSNMqP52R9r8geSp7apN3Ofg==}
    engines: {node: '>=4'}

  css-gradient-parser@0.0.16:
    resolution: {integrity: sha512-3O5QdqgFRUbXvK1x5INf1YkBz1UKSWqrd63vWsum8MNHDBYD5urm3QtxZbKU259OrEXNM26lP/MPY3d1IGkBgA==}
    engines: {node: '>=16'}

  css-to-react-native@3.2.0:
    resolution: {integrity: sha512-e8RKaLXMOFii+02mOlqwjbD00KSEKqblnpO9e++1aXS1fPQOpS1YoqdVHBqPjHNoxeF2mimzVqawm2KCbEdtHQ==}

  debug@4.4.1:
    resolution: {integrity: sha512-KcKCqiftBJcZr++7ykoDIEwSa3XWowTfNPo92BYxjXiyYEVrUQh2aLyhxBCwww+heortUFxEJYcRzosstTEBYQ==}
    engines: {node: '>=6.0'}
    peerDependencies:
      supports-color: '*'
    peerDependenciesMeta:
      supports-color:
        optional: true

  defu@6.1.4:
    resolution: {integrity: sha512-mEQCMmwJu317oSz8CwdIOdwf3xMif1ttiM8LTufzc3g6kR+9Pe236twL8j3IYT1F7GfRgGcW6MWxzZjLIkuHIg==}

  diff@8.0.1:
    resolution: {integrity: sha512-rEaM3KmVm78zE3dFZaop3aCQa2MTm+T4kcigUFLVU/KbOYdiY6JnL2g2puOYnct3QFw9pjZadaCbCZ1O8ArMlQ==}
    engines: {node: '>=0.3.1'}

  dts-resolver@2.0.1:
    resolution: {integrity: sha512-Pe2kqaQTNVxleYpt9Q9658fn6rEpoZbMbDpEBbcU6pnuGM3Q0IdM+Rv67kN6qcyp8Bv2Uv9NYy5Y1rG1LSgfoQ==}
    engines: {node: '>=20.18.0'}
    peerDependencies:
      oxc-resolver: ^9.0.2
    peerDependenciesMeta:
      oxc-resolver:
        optional: true

  emoji-regex-xs@2.0.1:
    resolution: {integrity: sha512-1QFuh8l7LqUcKe24LsPUNzjrzJQ7pgRwp1QMcZ5MX6mFplk2zQ08NVCM84++1cveaUUYtcCYHmeFEuNg16sU4g==}
    engines: {node: '>=10.0.0'}

  empathic@1.1.0:
    resolution: {integrity: sha512-rsPft6CK3eHtrlp9Y5ALBb+hfK+DWnA4WFebbazxjWyx8vSm3rZeoM3z9irsjcqO3PYRzlfv27XIB4tz2DV7RA==}
    engines: {node: '>=14'}

  escape-html@1.0.3:
    resolution: {integrity: sha512-NiSupZ4OeuGwr68lGIeym/ksIZMJodUGOSCZ/FSnTxcrekbvqrgdUxlJOMpijaKZVjAJrWrGs/6Jy8OMuyj9ow==}

  fdir@6.4.4:
    resolution: {integrity: sha512-1NZP+GK4GfuAv3PqKvxQRDMjdSRZjnkq7KfhlNrCNNlZ0ygQFpebfrnfnq/W7fpUnAv9aGWmY1zKx7FYL3gwhg==}
    peerDependencies:
      picomatch: ^3 || ^4
    peerDependenciesMeta:
      picomatch:
        optional: true

  fflate@0.7.4:
    resolution: {integrity: sha512-5u2V/CDW15QM1XbbgS+0DfPxVB+jUKhWEKuuFuHncbk3tEEqzmoXL+2KyOFuKGqOnmdIy0/davWF1CkuwtibCw==}

  get-tsconfig@4.10.0:
    resolution: {integrity: sha512-kGzZ3LWWQcGIAmg6iWvXn0ei6WDtV26wzHRMwDSzmAbcXrTEXxHy6IehI6/4eT6VRKyMP1eF1VqwrVUmE/LR7A==}

  hex-rgb@4.3.0:
    resolution: {integrity: sha512-Ox1pJVrDCyGHMG9CFg1tmrRUMRPRsAWYc/PinY0XzJU4K7y7vjNoLKIQ7BR5UJMCxNN8EM1MNDmHWA/B3aZUuw==}
    engines: {node: '>=6'}

  hono@4.7.9:
    resolution: {integrity: sha512-/EsCoR5h7N4yu01TDu9GMCCJa6ZLk5ZJIWFFGNawAXmd1Tp53+Wir4xm0D2X19bbykWUlzQG0+BvPAji6p9E8Q==}
    engines: {node: '>=16.9.0'}

  hookable@5.5.3:
    resolution: {integrity: sha512-Yc+BQe8SvoXH1643Qez1zqLRmbA5rCL+sSmk6TVos0LWVfNIB7PGncdlId77WzLGSIB5KaWgTaNTs2lNVEI6VQ==}

  jiti@2.4.2:
    resolution: {integrity: sha512-rg9zJN+G4n2nfJl5MW3BMygZX56zKPNVEYYqq7adpmMh4Jn2QNEwhvQlFy6jPVdcod7txZtKHWnyZiA3a0zP7A==}
    hasBin: true

  jsesc@3.1.0:
    resolution: {integrity: sha512-/sM3dO2FOzXjKQhJuo0Q173wf2KOo8t4I8vHy6lF9poUp7bKT0/NHE8fPX23PwfhnykfqnC2xRxOnVw5XuGIaA==}
    engines: {node: '>=6'}
    hasBin: true

  linebreak@1.1.0:
    resolution: {integrity: sha512-MHp03UImeVhB7XZtjd0E4n6+3xr5Dq/9xI/5FptGk5FrbDR3zagPa2DS6U8ks/3HjbKWG9Q1M2ufOzxV2qLYSQ==}

  ms@2.1.3:
    resolution: {integrity: sha512-6FlzubTLZG3J2a/NVCAleEhjzq5oxgHyaCU9yYXvcLsvoVaHJq/s5xXI6/XXP6tz7R9xAOtHnSO/tXtF3WRTlA==}

  pako@0.2.9:
    resolution: {integrity: sha512-NUcwaKxUxWrZLpDG+z/xZaCgQITkA/Dv4V/T6bw7VON6l1Xz/VnrBqrYjZQ12TamKHzITTfOEIYUj48y2KXImA==}

  parse-css-color@0.2.1:
    resolution: {integrity: sha512-bwS/GGIFV3b6KS4uwpzCFj4w297Yl3uqnSgIPsoQkx7GMLROXfMnWvxfNkL0oh8HVhZA4hvJoEoEIqonfJ3BWg==}

  pathe@2.0.3:
    resolution: {integrity: sha512-WUjGcAqP1gQacoQe+OBJsFA7Ld4DyXuUIjZ5cc75cLHvJ7dtNsTugphxIADwspS+AraAUePCKrSVtPLFj/F88w==}

  picomatch@4.0.2:
    resolution: {integrity: sha512-M7BAV6Rlcy5u+m6oPhAPFgJTzAioX/6B0DxyvDlo9l8+T3nLKbrczg2WLUyzd45L8RqfUMyGPzekbMvX2Ldkwg==}
    engines: {node: '>=12'}

  postcss-value-parser@4.2.0:
    resolution: {integrity: sha512-1NNCs6uurfkVbeXG4S8JFT9t19m45ICnif8zWLd5oPSZ50QnwMfK+H3jv408d4jw/7Bttv5axS5IiHoLaVNHeQ==}

  quansync@0.2.10:
    resolution: {integrity: sha512-t41VRkMYbkHyCYmOvx/6URnN80H7k4X0lLdBMGsz+maAwrJQYB1djpV6vHrQIBE0WBSGqhtEHrK9U3DWWH8v7A==}

  readdirp@4.1.2:
    resolution: {integrity: sha512-GDhwkLfywWL2s6vEjyhri+eXmfH6j1L7JE27WhqLeYzoh/A3DBaYGEj2H/HFZCn/kMfim73FXxEJTw06WtxQwg==}
    engines: {node: '>= 14.18.0'}

  resolve-pkg-maps@1.0.0:
    resolution: {integrity: sha512-seS2Tj26TBVOC2NIc2rOe2y2ZO7efxITtLZcGSOnHHNOQ7CkiUBfw0Iw2ck6xkIhPwLhKNLS8BO+hEpngQlqzw==}

  rolldown-plugin-dts@0.12.3:
    resolution: {integrity: sha512-u3Z3VHWvWKlk5lqyFDJ5x1IW+SsUfE3nIeu4O0ktzTsYANJqM1R46HF3SbY4ExzrLRdRCMsNhCKC3c1UhsX9ww==}
    engines: {node: '>=20.18.0'}
    peerDependencies:
      rolldown: ^1.0.0-beta.8-commit.2a5c6a6
      typescript: ^5.0.0
      vue-tsc: ~2.2.0
    peerDependenciesMeta:
      typescript:
        optional: true
      vue-tsc:
        optional: true

  rolldown@1.0.0-beta.8-commit.d95f99e:
    resolution: {integrity: sha512-A/10eaVhZhiRyHPz5jMQN4MU2i4JQGSci0vcqqhuozk/sertEUmZHkwHntNBKujdRdgG99apR2LSWYUsU7iKbA==}
    hasBin: true
    peerDependencies:
      '@oxc-project/runtime': 0.69.0
    peerDependenciesMeta:
      '@oxc-project/runtime':
        optional: true

  satori@0.13.1:
    resolution: {integrity: sha512-FlXblaCRDOONmz4JSIG9lUxSIklBZsMVwfLkvXv0MaHa3H6GWZDZccpcCeLqdQ6RjBkYMSh6zZDxkkBFJ4M61A==}
    engines: {node: '>=16'}

  semver@7.7.2:
    resolution: {integrity: sha512-RF0Fw+rO5AMf9MAyaRXI4AV0Ulj5lMHqVxxdSgiVbixSCXoEmmX/jk0CuJw4+3SqroYO9VoUh+HcuJivvtJemA==}
    engines: {node: '>=10'}
    hasBin: true

  string-ts@2.2.1:
    resolution: {integrity: sha512-Q2u0gko67PLLhbte5HmPfdOjNvUKbKQM+mCNQae6jE91DmoFHY6HH9GcdqCeNx87DZ2KKjiFxmA0R/42OneGWw==}

  string.prototype.codepointat@0.2.1:
    resolution: {integrity: sha512-2cBVCj6I4IOvEnjgO/hWqXjqBGsY+zwPmHl12Srk9IXSZ56Jwwmy+66XO5Iut/oQVR7t5ihYdLB0GMa4alEUcg==}

  tiny-inflate@1.0.3:
    resolution: {integrity: sha512-pkY1fj1cKHb2seWDy0B16HeWyczlJA9/WW3u3c4z/NiWDsO3DOU5D7nhTLE9CF0yXv/QZFY7sEJmj24dK+Rrqw==}

  tinyexec@1.0.1:
    resolution: {integrity: sha512-5uC6DDlmeqiOwCPmK9jMSdOuZTh8bU39Ys6yidB+UTt5hfZUPGAypSgFRiEp+jbi9qH40BLDvy85jIU88wKSqw==}

  tinyglobby@0.2.13:
    resolution: {integrity: sha512-mEwzpUgrLySlveBwEVDMKk5B57bhLPYovRfPAXD5gA/98Opn0rCDj3GtLwFvCvH5RK9uPCExUROW5NjDwvqkxw==}
    engines: {node: '>=12.0.0'}

  tsdown@0.11.9:
    resolution: {integrity: sha512-Lp1lflza4U+Ennezzj7NyC3+OtoeAn7TuOe0fm7uKl0lt71I4gCGSj1HAdInRMD3uQhKUH3uU7nj+MpRSXL7Lg==}
    engines: {node: '>=18.0.0'}
    hasBin: true
    peerDependencies:
      publint: ^0.3.0
      typescript: ^5.0.0
      unplugin-lightningcss: ^0.4.0
      unplugin-unused: ^0.5.0
    peerDependenciesMeta:
      publint:
        optional: true
      typescript:
        optional: true
      unplugin-lightningcss:
        optional: true
      unplugin-unused:
        optional: true

  tslib@2.8.1:
    resolution: {integrity: sha512-oJFu94HQb+KVduSUQL7wnpmqnfmLsOA/nAh6b6EH0wCEoK0/mPeXU6c3wKDV83MkOuHPRHtSXKKU99IBazS/2w==}

  typescript@5.8.3:
    resolution: {integrity: sha512-p1diW6TqL9L07nNxvRMM7hMMw4c5XOo/1ibL4aAIGmSAt9slTE1Xgw5KWuof2uTOvCg9BY7ZRi+GaF+7sfgPeQ==}
    engines: {node: '>=14.17'}
    hasBin: true

  unconfig@7.3.2:
    resolution: {integrity: sha512-nqG5NNL2wFVGZ0NA/aCFw0oJ2pxSf1lwg4Z5ill8wd7K4KX/rQbHlwbh+bjctXL5Ly1xtzHenHGOK0b+lG6JVg==}

  undici-types@6.21.0:
    resolution: {integrity: sha512-iwDZqg0QAGrg9Rav5H4n0M64c3mkR59cJ6wQp+7C4nI0gsmExaedaYLNO44eT4AtBBwjbTiGPMlt2Md0T9H9JQ==}

  unicode-trie@2.0.0:
    resolution: {integrity: sha512-x7bc76x0bm4prf1VLg79uhAzKw8DVboClSN5VxJuQ+LKDOVEW9CdH+VY7SP+vX7xCYQqzzgQpFqz15zeLvAtZQ==}

  valibot@1.1.0:
    resolution: {integrity: sha512-Nk8lX30Qhu+9txPYTwM0cFlWLdPFsFr6LblzqIySfbZph9+BFsAHsNvHOymEviUepeIW6KFHzpX8TKhbptBXXw==}
    peerDependencies:
      typescript: '>=5'
    peerDependenciesMeta:
      typescript:
        optional: true

  yoga-wasm-web@0.3.3:
    resolution: {integrity: sha512-N+d4UJSJbt/R3wqY7Coqs5pcV0aUj2j9IaQ3rNj9bVCLld8tTGKRa2USARjnvZJWVx1NDmQev8EknoczaOQDOA==}

snapshots:

  '@babel/generator@7.27.1':
    dependencies:
      '@babel/parser': 7.27.2
      '@babel/types': 7.27.1
      '@jridgewell/gen-mapping': 0.3.8
      '@jridgewell/trace-mapping': 0.3.25
      jsesc: 3.1.0

  '@babel/helper-string-parser@7.27.1': {}

  '@babel/helper-validator-identifier@7.27.1': {}

  '@babel/parser@7.27.2':
    dependencies:
      '@babel/types': 7.27.1

  '@babel/types@7.27.1':
    dependencies:
      '@babel/helper-string-parser': 7.27.1
      '@babel/helper-validator-identifier': 7.27.1

  '@emnapi/core@1.4.3':
    dependencies:
      '@emnapi/wasi-threads': 1.0.2
      tslib: 2.8.1
    optional: true

  '@emnapi/runtime@1.4.3':
    dependencies:
      tslib: 2.8.1
    optional: true

  '@emnapi/wasi-threads@1.0.2':
    dependencies:
      tslib: 2.8.1
    optional: true

  '@jridgewell/gen-mapping@0.3.8':
    dependencies:
      '@jridgewell/set-array': 1.2.1
      '@jridgewell/sourcemap-codec': 1.5.0
      '@jridgewell/trace-mapping': 0.3.25

  '@jridgewell/resolve-uri@3.1.2': {}

  '@jridgewell/set-array@1.2.1': {}

  '@jridgewell/sourcemap-codec@1.5.0': {}

  '@jridgewell/trace-mapping@0.3.25':
    dependencies:
      '@jridgewell/resolve-uri': 3.1.2
      '@jridgewell/sourcemap-codec': 1.5.0

  '@napi-rs/wasm-runtime@0.2.10':
    dependencies:
      '@emnapi/core': 1.4.3
      '@emnapi/runtime': 1.4.3
      '@tybys/wasm-util': 0.9.0
    optional: true

  '@oxc-project/types@0.69.0': {}

  '@quansync/fs@0.1.3':
    dependencies:
      quansync: 0.2.10

  '@rolldown/binding-darwin-arm64@1.0.0-beta.8-commit.d95f99e':
    optional: true

  '@rolldown/binding-darwin-x64@1.0.0-beta.8-commit.d95f99e':
    optional: true

  '@rolldown/binding-freebsd-x64@1.0.0-beta.8-commit.d95f99e':
    optional: true

  '@rolldown/binding-linux-arm-gnueabihf@1.0.0-beta.8-commit.d95f99e':
    optional: true

  '@rolldown/binding-linux-arm64-gnu@1.0.0-beta.8-commit.d95f99e':
    optional: true

  '@rolldown/binding-linux-arm64-musl@1.0.0-beta.8-commit.d95f99e':
    optional: true

  '@rolldown/binding-linux-x64-gnu@1.0.0-beta.8-commit.d95f99e':
    optional: true

  '@rolldown/binding-linux-x64-musl@1.0.0-beta.8-commit.d95f99e':
    optional: true

  '@rolldown/binding-wasm32-wasi@1.0.0-beta.8-commit.d95f99e':
    dependencies:
      '@napi-rs/wasm-runtime': 0.2.10
    optional: true

  '@rolldown/binding-win32-arm64-msvc@1.0.0-beta.8-commit.d95f99e':
    optional: true

  '@rolldown/binding-win32-ia32-msvc@1.0.0-beta.8-commit.d95f99e':
    optional: true

  '@rolldown/binding-win32-x64-msvc@1.0.0-beta.8-commit.d95f99e':
    optional: true

  '@rolldown/pluginutils@1.0.0-beta.8-commit.d95f99e': {}

  '@shuding/opentype.js@1.4.0-beta.0':
    dependencies:
      fflate: 0.7.4
      string.prototype.codepointat: 0.2.1

  '@tybys/wasm-util@0.9.0':
    dependencies:
      tslib: 2.8.1
    optional: true

  '@types/node@22.15.18':
    dependencies:
      undici-types: 6.21.0

  ansis@4.0.0: {}

  ast-kit@2.0.0:
    dependencies:
      '@babel/parser': 7.27.2
      pathe: 2.0.3

  base64-js@0.0.8: {}

  cac@6.7.14: {}

  camelize@1.0.1: {}

  chokidar@4.0.3:
    dependencies:
      readdirp: 4.1.2

  color-name@1.1.4: {}

  css-background-parser@0.1.0: {}

  css-box-shadow@1.0.0-3: {}

  css-color-keywords@1.0.0: {}

  css-gradient-parser@0.0.16: {}

  css-to-react-native@3.2.0:
    dependencies:
      camelize: 1.0.1
      css-color-keywords: 1.0.0
      postcss-value-parser: 4.2.0

  debug@4.4.1:
    dependencies:
      ms: 2.1.3

  defu@6.1.4: {}

  diff@8.0.1: {}

  dts-resolver@2.0.1: {}

  emoji-regex-xs@2.0.1: {}

  empathic@1.1.0: {}

  escape-html@1.0.3: {}

  fdir@6.4.4(picomatch@4.0.2):
    optionalDependencies:
      picomatch: 4.0.2

  fflate@0.7.4: {}

  get-tsconfig@4.10.0:
    dependencies:
      resolve-pkg-maps: 1.0.0

  hex-rgb@4.3.0: {}

  hono@4.7.9: {}

  hookable@5.5.3: {}

  jiti@2.4.2: {}

  jsesc@3.1.0: {}

  linebreak@1.1.0:
    dependencies:
      base64-js: 0.0.8
      unicode-trie: 2.0.0

  ms@2.1.3: {}

  pako@0.2.9: {}

  parse-css-color@0.2.1:
    dependencies:
      color-name: 1.1.4
      hex-rgb: 4.3.0

  pathe@2.0.3: {}

  picomatch@4.0.2: {}

  postcss-value-parser@4.2.0: {}

  quansync@0.2.10: {}

  readdirp@4.1.2: {}

  resolve-pkg-maps@1.0.0: {}

  rolldown-plugin-dts@0.12.3(rolldown@1.0.0-beta.8-commit.d95f99e)(typescript@5.8.3):
    dependencies:
      '@babel/generator': 7.27.1
      '@babel/parser': 7.27.2
      '@babel/types': 7.27.1
      ast-kit: 2.0.0
      debug: 4.4.1
      dts-resolver: 2.0.1
      get-tsconfig: 4.10.0
      rolldown: 1.0.0-beta.8-commit.d95f99e
    optionalDependencies:
      typescript: 5.8.3
    transitivePeerDependencies:
      - oxc-resolver
      - supports-color

  rolldown@1.0.0-beta.8-commit.d95f99e:
    dependencies:
      '@oxc-project/types': 0.69.0
      '@rolldown/pluginutils': 1.0.0-beta.8-commit.d95f99e
      ansis: 4.0.0
    optionalDependencies:
      '@rolldown/binding-darwin-arm64': 1.0.0-beta.8-commit.d95f99e
      '@rolldown/binding-darwin-x64': 1.0.0-beta.8-commit.d95f99e
      '@rolldown/binding-freebsd-x64': 1.0.0-beta.8-commit.d95f99e
      '@rolldown/binding-linux-arm-gnueabihf': 1.0.0-beta.8-commit.d95f99e
      '@rolldown/binding-linux-arm64-gnu': 1.0.0-beta.8-commit.d95f99e
      '@rolldown/binding-linux-arm64-musl': 1.0.0-beta.8-commit.d95f99e
      '@rolldown/binding-linux-x64-gnu': 1.0.0-beta.8-commit.d95f99e
      '@rolldown/binding-linux-x64-musl': 1.0.0-beta.8-commit.d95f99e
      '@rolldown/binding-wasm32-wasi': 1.0.0-beta.8-commit.d95f99e
      '@rolldown/binding-win32-arm64-msvc': 1.0.0-beta.8-commit.d95f99e
      '@rolldown/binding-win32-ia32-msvc': 1.0.0-beta.8-commit.d95f99e
      '@rolldown/binding-win32-x64-msvc': 1.0.0-beta.8-commit.d95f99e

  satori@0.13.1:
    dependencies:
      '@shuding/opentype.js': 1.4.0-beta.0
      css-background-parser: 0.1.0
      css-box-shadow: 1.0.0-3
      css-gradient-parser: 0.0.16
      css-to-react-native: 3.2.0
      emoji-regex-xs: 2.0.1
      escape-html: 1.0.3
      linebreak: 1.1.0
      parse-css-color: 0.2.1
      postcss-value-parser: 4.2.0
      yoga-wasm-web: 0.3.3

  semver@7.7.2: {}

  string-ts@2.2.1: {}

  string.prototype.codepointat@0.2.1: {}

  tiny-inflate@1.0.3: {}

  tinyexec@1.0.1: {}

  tinyglobby@0.2.13:
    dependencies:
      fdir: 6.4.4(picomatch@4.0.2)
      picomatch: 4.0.2

  tsdown@0.11.9(typescript@5.8.3):
    dependencies:
      ansis: 4.0.0
      cac: 6.7.14
      chokidar: 4.0.3
      debug: 4.4.1
      diff: 8.0.1
      empathic: 1.1.0
      hookable: 5.5.3
      rolldown: 1.0.0-beta.8-commit.d95f99e
      rolldown-plugin-dts: 0.12.3(rolldown@1.0.0-beta.8-commit.d95f99e)(typescript@5.8.3)
      semver: 7.7.2
      tinyexec: 1.0.1
      tinyglobby: 0.2.13
      unconfig: 7.3.2
    optionalDependencies:
      typescript: 5.8.3
    transitivePeerDependencies:
      - '@oxc-project/runtime'
      - oxc-resolver
      - supports-color
      - vue-tsc

  tslib@2.8.1:
    optional: true

  typescript@5.8.3: {}

  unconfig@7.3.2:
    dependencies:
      '@quansync/fs': 0.1.3
      defu: 6.1.4
      jiti: 2.4.2
      quansync: 0.2.10

  undici-types@6.21.0: {}

  unicode-trie@2.0.0:
    dependencies:
      pako: 0.2.9
      tiny-inflate: 1.0.3

  valibot@1.1.0(typescript@5.8.3):
    optionalDependencies:
      typescript: 5.8.3

  yoga-wasm-web@0.3.3: {}
